
Microsoft Visual Studio Solution File, Format Version 12.00
# Visual Studio Version 17
VisualStudioVersion = 17.9.34902.65
MinimumVisualStudioVersion = 10.0.40219.1
Project("{9A19103F-16F7-4668-BE54-9A1E7A4F7556}") = "CodingChallengeAPI", "CodingChallengeAPI\CodingChallengeAPI\CodingChallengeAPI.csproj", "{E31D1872-1DD5-47A9-8E3F-DE2B8C28E0EC}"
EndProject
Project("{FAE04EC0-301F-11D3-BF4B-00C04F79EFBC}") = "Models", "CodingChallengeAPI\Models\Models.csproj", "{188658F0-5CA7-4D78-BAB1-7857AC7F500D}"
EndProject
Project("{FAE04EC0-301F-11D3-BF4B-00C04F79EFBC}") = "Database", "CodingChallengeAPI\Database\Database.csproj", "{001D6DB7-8374-4441-99F1-B20086D5D653}"
EndProject
Project("{FAE04EC0-301F-11D3-BF4B-00C04F79EFBC}") = "Globals", "CodingChallengeAPI\Globals\Globals.csproj", "{09F3A652-722E-425D-AB1F-AEDA80F2A9BA}"
EndProject
Project("{FAE04EC0-301F-11D3-BF4B-00C04F79EFBC}") = "Services", "CodingChallengeAPI\Services\Services.csproj", "{58F81FB5-2162-40D8-9A7D-1780409AE55D}"
EndProject
Global
	GlobalSection(SolutionConfigurationPlatforms) = preSolution
		Debug|Any CPU = Debug|Any CPU
		Release|Any CPU = Release|Any CPU
	EndGlobalSection
	GlobalSection(ProjectConfigurationPlatforms) = postSolution
		{E31D1872-1DD5-47A9-8E3F-DE2B8C28E0EC}.Debug|Any CPU.ActiveCfg = Debug|Any CPU
		{E31D1872-1DD5-47A9-8E3F-DE2B8C28E0EC}.Debug|Any CPU.Build.0 = Debug|Any CPU
		{E31D1872-1DD5-47A9-8E3F-DE2B8C28E0EC}.Release|Any CPU.ActiveCfg = Release|Any CPU
		{E31D1872-1DD5-47A9-8E3F-DE2B8C28E0EC}.Release|Any CPU.Build.0 = Release|Any CPU
		{188658F0-5CA7-4D78-BAB1-7857AC7F500D}.Debug|Any CPU.ActiveCfg = Debug|Any CPU
		{188658F0-5CA7-4D78-BAB1-7857AC7F500D}.Debug|Any CPU.Build.0 = Debug|Any CPU
		{188658F0-5CA7-4D78-BAB1-7857AC7F500D}.Release|Any CPU.ActiveCfg = Release|Any CPU
		{188658F0-5CA7-4D78-BAB1-7857AC7F500D}.Release|Any CPU.Build.0 = Release|Any CPU
		{001D6DB7-8374-4441-99F1-B20086D5D653}.Debug|Any CPU.ActiveCfg = Debug|Any CPU
		{001D6DB7-8374-4441-99F1-B20086D5D653}.Debug|Any CPU.Build.0 = Debug|Any CPU
		{001D6DB7-8374-4441-99F1-B20086D5D653}.Release|Any CPU.ActiveCfg = Release|Any CPU
		{001D6DB7-8374-4441-99F1-B20086D5D653}.Release|Any CPU.Build.0 = Release|Any CPU
		{09F3A652-722E-425D-AB1F-AEDA80F2A9BA}.Debug|Any CPU.ActiveCfg = Debug|Any CPU
		{09F3A652-722E-425D-AB1F-AEDA80F2A9BA}.Debug|Any CPU.Build.0 = Debug|Any CPU
		{09F3A652-722E-425D-AB1F-AEDA80F2A9BA}.Release|Any CPU.ActiveCfg = Release|Any CPU
		{09F3A652-722E-425D-AB1F-AEDA80F2A9BA}.Release|Any CPU.Build.0 = Release|Any CPU
		{58F81FB5-2162-40D8-9A7D-1780409AE55D}.Debug|Any CPU.ActiveCfg = Debug|Any CPU
		{58F81FB5-2162-40D8-9A7D-1780409AE55D}.Debug|Any CPU.Build.0 = Debug|Any CPU
		{58F81FB5-2162-40D8-9A7D-1780409AE55D}.Release|Any CPU.ActiveCfg = Release|Any CPU
		{58F81FB5-2162-40D8-9A7D-1780409AE55D}.Release|Any CPU.Build.0 = Release|Any CPU
	EndGlobalSection
	GlobalSection(SolutionProperties) = preSolution
		HideSolutionNode = FALSE
	EndGlobalSection
	GlobalSection(ExtensibilityGlobals) = postSolution
		SolutionGuid = {C1F09204-5467-4135-8122-6E37C18C590A}
	EndGlobalSection
EndGlobal
