
Microsoft Visual Studio Solution File, Format Version 12.00
# Visual Studio Version 17
VisualStudioVersion = 17.9.34902.65
MinimumVisualStudioVersion = 10.0.40219.1
Project("{FAE04EC0-301F-11D3-BF4B-00C04F79EFBC}") = "CodingChallengeAPI", "CodingChallengeAPI.csproj", "{E31D1872-1DD5-47A9-8E3F-DE2B8C28E0EC}"
EndProject
Global
	GlobalSection(SolutionConfigurationPlatforms) = preSolution
		Debug|Any CPU = Debug|Any CPU
		Release|Any CPU = Release|Any CPU
	EndGlobalSection
	GlobalSection(ProjectConfigurationPlatforms) = postSolution
		{E31D1872-1DD5-47A9-8E3F-DE2B8C28E0EC}.Debug|Any CPU.ActiveCfg = Debug|Any CPU
		{E31D1872-1DD5-47A9-8E3F-DE2B8C28E0EC}.Debug|Any CPU.Build.0 = Debug|Any CPU
		{E31D1872-1DD5-47A9-8E3F-DE2B8C28E0EC}.Release|Any CPU.ActiveCfg = Release|Any CPU
		{E31D1872-1DD5-47A9-8E3F-DE2B8C28E0EC}.Release|Any CPU.Build.0 = Release|Any CPU
	EndGlobalSection
	GlobalSection(SolutionProperties) = preSolution
		HideSolutionNode = FALSE
	EndGlobalSection
	GlobalSection(ExtensibilityGlobals) = postSolution
		SolutionGuid = {C1F09204-5467-4135-8122-6E37C18C590A}
	EndGlobalSection
EndGlobal
